
Microsoft Visual Studio Solution File, Format Version 12.00
# Visual Studio 15
VisualStudioVersion = 15.0.27428.2043
MinimumVisualStudioVersion = 10.0.40219.1
Project("{FAE04EC0-301F-11D3-BF4B-00C04F79EFBC}") = "CMproject.Android", "CMproject\CMproject.Android\CMproject.Android.csproj", "{8E1FAB49-BCC0-4EAB-8B80-69C7B48B6654}"
EndProject
Project("{FAE04EC0-301F-11D3-BF4B-00C04F79EFBC}") = "CMproject.UWP", "CMproject\CMproject.UWP\CMproject.UWP.csproj", "{37DE2748-C5FB-432F-B5C5-B743DE03AC8A}"
EndProject
Project("{D954291E-2A0B-460D-934E-DC6B0785DB48}") = "CMproject", "CMproject\CMproject\CMproject.shproj", "{3BB4E7C6-0062-438D-8B38-97C0CF4C37FD}"
EndProject
Global
	GlobalSection(SharedMSBuildProjectFiles) = preSolution
		CMproject\CMproject\CMproject.projitems*{37de2748-c5fb-432f-b5c5-b743de03ac8a}*SharedItemsImports = 4
		CMproject\CMproject\CMproject.projitems*{3bb4e7c6-0062-438d-8b38-97c0cf4c37fd}*SharedItemsImports = 13
		CMproject\CMproject\CMproject.projitems*{8e1fab49-bcc0-4eab-8b80-69c7b48b6654}*SharedItemsImports = 4
	EndGlobalSection
	GlobalSection(SolutionConfigurationPlatforms) = preSolution
		Debug|Any CPU = Debug|Any CPU
		Debug|ARM = Debug|ARM
		Debug|x64 = Debug|x64
		Debug|x86 = Debug|x86
		Release|Any CPU = Release|Any CPU
		Release|ARM = Release|ARM
		Release|x64 = Release|x64
		Release|x86 = Release|x86
	EndGlobalSection
	GlobalSection(ProjectConfigurationPlatforms) = postSolution
		{8E1FAB49-BCC0-4EAB-8B80-69C7B48B6654}.Debug|Any CPU.ActiveCfg = Debug|Any CPU
		{8E1FAB49-BCC0-4EAB-8B80-69C7B48B6654}.Debug|Any CPU.Build.0 = Debug|Any CPU
		{8E1FAB49-BCC0-4EAB-8B80-69C7B48B6654}.Debug|Any CPU.Deploy.0 = Debug|Any CPU
		{8E1FAB49-BCC0-4EAB-8B80-69C7B48B6654}.Debug|ARM.ActiveCfg = Debug|Any CPU
		{8E1FAB49-BCC0-4EAB-8B80-69C7B48B6654}.Debug|ARM.Build.0 = Debug|Any CPU
		{8E1FAB49-BCC0-4EAB-8B80-69C7B48B6654}.Debug|ARM.Deploy.0 = Debug|Any CPU
		{8E1FAB49-BCC0-4EAB-8B80-69C7B48B6654}.Debug|x64.ActiveCfg = Debug|Any CPU
		{8E1FAB49-BCC0-4EAB-8B80-69C7B48B6654}.Debug|x64.Build.0 = Debug|Any CPU
		{8E1FAB49-BCC0-4EAB-8B80-69C7B48B6654}.Debug|x64.Deploy.0 = Debug|Any CPU
		{8E1FAB49-BCC0-4EAB-8B80-69C7B48B6654}.Debug|x86.ActiveCfg = Debug|Any CPU
		{8E1FAB49-BCC0-4EAB-8B80-69C7B48B6654}.Debug|x86.Build.0 = Debug|Any CPU
		{8E1FAB49-BCC0-4EAB-8B80-69C7B48B6654}.Debug|x86.Deploy.0 = Debug|Any CPU
		{8E1FAB49-BCC0-4EAB-8B80-69C7B48B6654}.Release|Any CPU.ActiveCfg = Release|Any CPU
		{8E1FAB49-BCC0-4EAB-8B80-69C7B48B6654}.Release|Any CPU.Build.0 = Release|Any CPU
		{8E1FAB49-BCC0-4EAB-8B80-69C7B48B6654}.Release|Any CPU.Deploy.0 = Release|Any CPU
		{8E1FAB49-BCC0-4EAB-8B80-69C7B48B6654}.Release|ARM.ActiveCfg = Release|Any CPU
		{8E1FAB49-BCC0-4EAB-8B80-69C7B48B6654}.Release|ARM.Build.0 = Release|Any CPU
		{8E1FAB49-BCC0-4EAB-8B80-69C7B48B6654}.Release|ARM.Deploy.0 = Release|Any CPU
		{8E1FAB49-BCC0-4EAB-8B80-69C7B48B6654}.Release|x64.ActiveCfg = Release|Any CPU
		{8E1FAB49-BCC0-4EAB-8B80-69C7B48B6654}.Release|x64.Build.0 = Release|Any CPU
		{8E1FAB49-BCC0-4EAB-8B80-69C7B48B6654}.Release|x64.Deploy.0 = Release|Any CPU
		{8E1FAB49-BCC0-4EAB-8B80-69C7B48B6654}.Release|x86.ActiveCfg = Release|Any CPU
		{8E1FAB49-BCC0-4EAB-8B80-69C7B48B6654}.Release|x86.Build.0 = Release|Any CPU
		{8E1FAB49-BCC0-4EAB-8B80-69C7B48B6654}.Release|x86.Deploy.0 = Release|Any CPU
		{37DE2748-C5FB-432F-B5C5-B743DE03AC8A}.Debug|Any CPU.ActiveCfg = Debug|x86
		{37DE2748-C5FB-432F-B5C5-B743DE03AC8A}.Debug|ARM.ActiveCfg = Debug|ARM
		{37DE2748-C5FB-432F-B5C5-B743DE03AC8A}.Debug|ARM.Build.0 = Debug|ARM
		{37DE2748-C5FB-432F-B5C5-B743DE03AC8A}.Debug|ARM.Deploy.0 = Debug|ARM
		{37DE2748-C5FB-432F-B5C5-B743DE03AC8A}.Debug|x64.ActiveCfg = Debug|x64
		{37DE2748-C5FB-432F-B5C5-B743DE03AC8A}.Debug|x64.Build.0 = Debug|x64
		{37DE2748-C5FB-432F-B5C5-B743DE03AC8A}.Debug|x64.Deploy.0 = Debug|x64
		{37DE2748-C5FB-432F-B5C5-B743DE03AC8A}.Debug|x86.ActiveCfg = Debug|x86
		{37DE2748-C5FB-432F-B5C5-B743DE03AC8A}.Debug|x86.Build.0 = Debug|x86
		{37DE2748-C5FB-432F-B5C5-B743DE03AC8A}.Debug|x86.Deploy.0 = Debug|x86
		{37DE2748-C5FB-432F-B5C5-B743DE03AC8A}.Release|Any CPU.ActiveCfg = Release|x86
		{37DE2748-C5FB-432F-B5C5-B743DE03AC8A}.Release|ARM.ActiveCfg = Release|ARM
		{37DE2748-C5FB-432F-B5C5-B743DE03AC8A}.Release|ARM.Build.0 = Release|ARM
		{37DE2748-C5FB-432F-B5C5-B743DE03AC8A}.Release|ARM.Deploy.0 = Release|ARM
		{37DE2748-C5FB-432F-B5C5-B743DE03AC8A}.Release|x64.ActiveCfg = Release|x64
		{37DE2748-C5FB-432F-B5C5-B743DE03AC8A}.Release|x64.Build.0 = Release|x64
		{37DE2748-C5FB-432F-B5C5-B743DE03AC8A}.Release|x64.Deploy.0 = Release|x64
		{37DE2748-C5FB-432F-B5C5-B743DE03AC8A}.Release|x86.ActiveCfg = Release|x86
		{37DE2748-C5FB-432F-B5C5-B743DE03AC8A}.Release|x86.Build.0 = Release|x86
		{37DE2748-C5FB-432F-B5C5-B743DE03AC8A}.Release|x86.Deploy.0 = Release|x86
	EndGlobalSection
	GlobalSection(SolutionProperties) = preSolution
		HideSolutionNode = FALSE
	EndGlobalSection
	GlobalSection(ExtensibilityGlobals) = postSolution
		SolutionGuid = {C6010DF6-68F8-4B70-BA90-64D4AD0A49DE}
	EndGlobalSection
EndGlobal
